
Microsoft Visual Studio Solution File, Format Version 11.00
# Visual Studio 2010
Project("{FAE04EC0-301F-11D3-BF4B-00C04F79EFBC}") = "QUnitDemo", "QUnitDemo\QUnitDemo.csproj", "{55AF489F-413A-40B2-82A0-02F7C11D9EF6}"
EndProject
Global
	GlobalSection(SolutionConfigurationPlatforms) = preSolution
		Debug|Any CPU = Debug|Any CPU
		Release|Any CPU = Release|Any CPU
	EndGlobalSection
	GlobalSection(ProjectConfigurationPlatforms) = postSolution
		{55AF489F-413A-40B2-82A0-02F7C11D9EF6}.Debug|Any CPU.ActiveCfg = Debug|Any CPU
		{55AF489F-413A-40B2-82A0-02F7C11D9EF6}.Debug|Any CPU.Build.0 = Debug|Any CPU
		{55AF489F-413A-40B2-82A0-02F7C11D9EF6}.Release|Any CPU.ActiveCfg = Release|Any CPU
		{55AF489F-413A-40B2-82A0-02F7C11D9EF6}.Release|Any CPU.Build.0 = Release|Any CPU
	EndGlobalSection
	GlobalSection(SolutionProperties) = preSolution
		HideSolutionNode = FALSE
	EndGlobalSection
EndGlobal
